
Microsoft Visual Studio Solution File, Format Version 12.00
# Visual Studio Version 16
VisualStudioVersion = 16.0.29123.88
MinimumVisualStudioVersion = 10.0.40219.1
Project("{FAE04EC0-301F-11D3-BF4B-00C04F79EFBC}") = "ArkDesktopCSCefOsr", "ArkDesktopCSCefOsr\ArkDesktopCSCefOsr.csproj", "{3FC81718-7E88-4E43-8E35-1B5222A85672}"
EndProject
Project("{FAE04EC0-301F-11D3-BF4B-00C04F79EFBC}") = "ImageStitchingTool", "ImageStitchingTool\ImageStitchingTool.csproj", "{CE9B875B-814A-4164-88E7-2BE580F6819C}"
EndProject
Project("{2150E333-8FDC-42A3-9474-1A3956D46DE8}") = "CfxOsr", "CfxOsr", "{01DCAFFB-53ED-4FDA-8949-C5D470E35A5D}"
EndProject
Project("{FAE04EC0-301F-11D3-BF4B-00C04F79EFBC}") = "ArkDesktopCfxSubProcess", "ArkDesktopCfxSubProcess\ArkDesktopCfxSubProcess.csproj", "{1100BCA8-3110-4E6F-ADF0-1D8ECC873FFF}"
EndProject
Project("{FAE04EC0-301F-11D3-BF4B-00C04F79EFBC}") = "ArkDesktopCfx", "ArkDesktopCfx\ArkDesktopCfx.csproj", "{0489DD4B-26C7-4A90-9406-6A1439990493}"
EndProject
Project("{FAE04EC0-301F-11D3-BF4B-00C04F79EFBC}") = "ArkDesktopCore", "ArkDesktopCore\ArkDesktopCore.csproj", "{52814151-1A01-4058-8BCB-3D5C0D000B11}"
EndProject
Project("{FAE04EC0-301F-11D3-BF4B-00C04F79EFBC}") = "ArkDesktopTest", "ArkDesktopTest\ArkDesktopTest.csproj", "{27D0305C-624B-4904-819A-3C9EA5E5EE8B}"
	ProjectSection(ProjectDependencies) = postProject
		{9BBF0D7E-F8C1-4600-A632-6609184DEAEB} = {9BBF0D7E-F8C1-4600-A632-6609184DEAEB}
		{6B102BBE-3BAE-4200-BAFD-ECE4D9B10D7B} = {6B102BBE-3BAE-4200-BAFD-ECE4D9B10D7B}
	EndProjectSection
EndProject
Project("{FAE04EC0-301F-11D3-BF4B-00C04F79EFBC}") = "ArkDesktopTestPlugin", "ArkDesktopTestPlugin\ArkDesktopTestPlugin.csproj", "{9BBF0D7E-F8C1-4600-A632-6609184DEAEB}"
EndProject
Project("{2150E333-8FDC-42A3-9474-1A3956D46DE8}") = "StaticPic", "StaticPic", "{6858F7B6-C244-4D5E-86D8-2ABF1B91232A}"
EndProject
Project("{FAE04EC0-301F-11D3-BF4B-00C04F79EFBC}") = "ArkDesktopStaticPic", "ArkDesktopStaticPic\ArkDesktopStaticPic.csproj", "{6B102BBE-3BAE-4200-BAFD-ECE4D9B10D7B}"
EndProject
Global
	GlobalSection(SolutionConfigurationPlatforms) = preSolution
		Debug|Any CPU = Debug|Any CPU
		Debug|x64 = Debug|x64
		Debug|x86 = Debug|x86
		Release|Any CPU = Release|Any CPU
		Release|x64 = Release|x64
		Release|x86 = Release|x86
	EndGlobalSection
	GlobalSection(ProjectConfigurationPlatforms) = postSolution
		{3FC81718-7E88-4E43-8E35-1B5222A85672}.Debug|Any CPU.ActiveCfg = Debug|Any CPU
		{3FC81718-7E88-4E43-8E35-1B5222A85672}.Debug|Any CPU.Build.0 = Debug|Any CPU
		{3FC81718-7E88-4E43-8E35-1B5222A85672}.Debug|x64.ActiveCfg = Debug|Any CPU
		{3FC81718-7E88-4E43-8E35-1B5222A85672}.Debug|x64.Build.0 = Debug|Any CPU
		{3FC81718-7E88-4E43-8E35-1B5222A85672}.Debug|x86.ActiveCfg = Debug|x86
		{3FC81718-7E88-4E43-8E35-1B5222A85672}.Debug|x86.Build.0 = Debug|x86
		{3FC81718-7E88-4E43-8E35-1B5222A85672}.Release|Any CPU.ActiveCfg = Release|Any CPU
		{3FC81718-7E88-4E43-8E35-1B5222A85672}.Release|Any CPU.Build.0 = Release|Any CPU
		{3FC81718-7E88-4E43-8E35-1B5222A85672}.Release|x64.ActiveCfg = Release|Any CPU
		{3FC81718-7E88-4E43-8E35-1B5222A85672}.Release|x64.Build.0 = Release|Any CPU
		{3FC81718-7E88-4E43-8E35-1B5222A85672}.Release|x86.ActiveCfg = Release|Any CPU
		{3FC81718-7E88-4E43-8E35-1B5222A85672}.Release|x86.Build.0 = Release|Any CPU
		{CE9B875B-814A-4164-88E7-2BE580F6819C}.Debug|Any CPU.ActiveCfg = Debug|Any CPU
		{CE9B875B-814A-4164-88E7-2BE580F6819C}.Debug|Any CPU.Build.0 = Debug|Any CPU
		{CE9B875B-814A-4164-88E7-2BE580F6819C}.Debug|x64.ActiveCfg = Debug|Any CPU
		{CE9B875B-814A-4164-88E7-2BE580F6819C}.Debug|x64.Build.0 = Debug|Any CPU
		{CE9B875B-814A-4164-88E7-2BE580F6819C}.Debug|x86.ActiveCfg = Debug|Any CPU
		{CE9B875B-814A-4164-88E7-2BE580F6819C}.Debug|x86.Build.0 = Debug|Any CPU
		{CE9B875B-814A-4164-88E7-2BE580F6819C}.Release|Any CPU.ActiveCfg = Release|Any CPU
		{CE9B875B-814A-4164-88E7-2BE580F6819C}.Release|Any CPU.Build.0 = Release|Any CPU
		{CE9B875B-814A-4164-88E7-2BE580F6819C}.Release|x64.ActiveCfg = Release|Any CPU
		{CE9B875B-814A-4164-88E7-2BE580F6819C}.Release|x64.Build.0 = Release|Any CPU
		{CE9B875B-814A-4164-88E7-2BE580F6819C}.Release|x86.ActiveCfg = Release|Any CPU
		{CE9B875B-814A-4164-88E7-2BE580F6819C}.Release|x86.Build.0 = Release|Any CPU
		{1100BCA8-3110-4E6F-ADF0-1D8ECC873FFF}.Debug|Any CPU.ActiveCfg = Debug|Any CPU
		{1100BCA8-3110-4E6F-ADF0-1D8ECC873FFF}.Debug|Any CPU.Build.0 = Debug|Any CPU
		{1100BCA8-3110-4E6F-ADF0-1D8ECC873FFF}.Debug|x64.ActiveCfg = Debug|Any CPU
		{1100BCA8-3110-4E6F-ADF0-1D8ECC873FFF}.Debug|x64.Build.0 = Debug|Any CPU
		{1100BCA8-3110-4E6F-ADF0-1D8ECC873FFF}.Debug|x86.ActiveCfg = Debug|Any CPU
		{1100BCA8-3110-4E6F-ADF0-1D8ECC873FFF}.Debug|x86.Build.0 = Debug|Any CPU
		{1100BCA8-3110-4E6F-ADF0-1D8ECC873FFF}.Release|Any CPU.ActiveCfg = Release|Any CPU
		{1100BCA8-3110-4E6F-ADF0-1D8ECC873FFF}.Release|Any CPU.Build.0 = Release|Any CPU
		{1100BCA8-3110-4E6F-ADF0-1D8ECC873FFF}.Release|x64.ActiveCfg = Release|Any CPU
		{1100BCA8-3110-4E6F-ADF0-1D8ECC873FFF}.Release|x64.Build.0 = Release|Any CPU
		{1100BCA8-3110-4E6F-ADF0-1D8ECC873FFF}.Release|x86.ActiveCfg = Release|Any CPU
		{1100BCA8-3110-4E6F-ADF0-1D8ECC873FFF}.Release|x86.Build.0 = Release|Any CPU
		{0489DD4B-26C7-4A90-9406-6A1439990493}.Debug|Any CPU.ActiveCfg = Debug|Any CPU
		{0489DD4B-26C7-4A90-9406-6A1439990493}.Debug|Any CPU.Build.0 = Debug|Any CPU
		{0489DD4B-26C7-4A90-9406-6A1439990493}.Debug|x64.ActiveCfg = Debug|Any CPU
		{0489DD4B-26C7-4A90-9406-6A1439990493}.Debug|x64.Build.0 = Debug|Any CPU
		{0489DD4B-26C7-4A90-9406-6A1439990493}.Debug|x86.ActiveCfg = Debug|Any CPU
		{0489DD4B-26C7-4A90-9406-6A1439990493}.Debug|x86.Build.0 = Debug|Any CPU
		{0489DD4B-26C7-4A90-9406-6A1439990493}.Release|Any CPU.ActiveCfg = Release|Any CPU
		{0489DD4B-26C7-4A90-9406-6A1439990493}.Release|Any CPU.Build.0 = Release|Any CPU
		{0489DD4B-26C7-4A90-9406-6A1439990493}.Release|x64.ActiveCfg = Release|Any CPU
		{0489DD4B-26C7-4A90-9406-6A1439990493}.Release|x64.Build.0 = Release|Any CPU
		{0489DD4B-26C7-4A90-9406-6A1439990493}.Release|x86.ActiveCfg = Release|Any CPU
		{0489DD4B-26C7-4A90-9406-6A1439990493}.Release|x86.Build.0 = Release|Any CPU
		{52814151-1A01-4058-8BCB-3D5C0D000B11}.Debug|Any CPU.ActiveCfg = Debug|Any CPU
		{52814151-1A01-4058-8BCB-3D5C0D000B11}.Debug|Any CPU.Build.0 = Debug|Any CPU
		{52814151-1A01-4058-8BCB-3D5C0D000B11}.Debug|x64.ActiveCfg = Debug|Any CPU
		{52814151-1A01-4058-8BCB-3D5C0D000B11}.Debug|x64.Build.0 = Debug|Any CPU
		{52814151-1A01-4058-8BCB-3D5C0D000B11}.Debug|x86.ActiveCfg = Debug|Any CPU
		{52814151-1A01-4058-8BCB-3D5C0D000B11}.Debug|x86.Build.0 = Debug|Any CPU
		{52814151-1A01-4058-8BCB-3D5C0D000B11}.Release|Any CPU.ActiveCfg = Release|Any CPU
		{52814151-1A01-4058-8BCB-3D5C0D000B11}.Release|Any CPU.Build.0 = Release|Any CPU
		{52814151-1A01-4058-8BCB-3D5C0D000B11}.Release|x64.ActiveCfg = Release|Any CPU
		{52814151-1A01-4058-8BCB-3D5C0D000B11}.Release|x64.Build.0 = Release|Any CPU
		{52814151-1A01-4058-8BCB-3D5C0D000B11}.Release|x86.ActiveCfg = Release|Any CPU
		{52814151-1A01-4058-8BCB-3D5C0D000B11}.Release|x86.Build.0 = Release|Any CPU
		{27D0305C-624B-4904-819A-3C9EA5E5EE8B}.Debug|Any CPU.ActiveCfg = Debug|Any CPU
		{27D0305C-624B-4904-819A-3C9EA5E5EE8B}.Debug|Any CPU.Build.0 = Debug|Any CPU
		{27D0305C-624B-4904-819A-3C9EA5E5EE8B}.Debug|x64.ActiveCfg = Debug|Any CPU
		{27D0305C-624B-4904-819A-3C9EA5E5EE8B}.Debug|x64.Build.0 = Debug|Any CPU
		{27D0305C-624B-4904-819A-3C9EA5E5EE8B}.Debug|x86.ActiveCfg = Debug|Any CPU
		{27D0305C-624B-4904-819A-3C9EA5E5EE8B}.Debug|x86.Build.0 = Debug|Any CPU
		{27D0305C-624B-4904-819A-3C9EA5E5EE8B}.Release|Any CPU.ActiveCfg = Release|Any CPU
		{27D0305C-624B-4904-819A-3C9EA5E5EE8B}.Release|Any CPU.Build.0 = Release|Any CPU
		{27D0305C-624B-4904-819A-3C9EA5E5EE8B}.Release|x64.ActiveCfg = Release|Any CPU
		{27D0305C-624B-4904-819A-3C9EA5E5EE8B}.Release|x64.Build.0 = Release|Any CPU
		{27D0305C-624B-4904-819A-3C9EA5E5EE8B}.Release|x86.ActiveCfg = Release|Any CPU
		{27D0305C-624B-4904-819A-3C9EA5E5EE8B}.Release|x86.Build.0 = Release|Any CPU
		{9BBF0D7E-F8C1-4600-A632-6609184DEAEB}.Debug|Any CPU.ActiveCfg = Debug|Any CPU
		{9BBF0D7E-F8C1-4600-A632-6609184DEAEB}.Debug|Any CPU.Build.0 = Debug|Any CPU
		{9BBF0D7E-F8C1-4600-A632-6609184DEAEB}.Debug|x64.ActiveCfg = Debug|Any CPU
		{9BBF0D7E-F8C1-4600-A632-6609184DEAEB}.Debug|x64.Build.0 = Debug|Any CPU
		{9BBF0D7E-F8C1-4600-A632-6609184DEAEB}.Debug|x86.ActiveCfg = Debug|Any CPU
		{9BBF0D7E-F8C1-4600-A632-6609184DEAEB}.Debug|x86.Build.0 = Debug|Any CPU
		{9BBF0D7E-F8C1-4600-A632-6609184DEAEB}.Release|Any CPU.ActiveCfg = Release|Any CPU
		{9BBF0D7E-F8C1-4600-A632-6609184DEAEB}.Release|Any CPU.Build.0 = Release|Any CPU
		{9BBF0D7E-F8C1-4600-A632-6609184DEAEB}.Release|x64.ActiveCfg = Release|Any CPU
		{9BBF0D7E-F8C1-4600-A632-6609184DEAEB}.Release|x64.Build.0 = Release|Any CPU
		{9BBF0D7E-F8C1-4600-A632-6609184DEAEB}.Release|x86.ActiveCfg = Release|Any CPU
		{9BBF0D7E-F8C1-4600-A632-6609184DEAEB}.Release|x86.Build.0 = Release|Any CPU
		{6B102BBE-3BAE-4200-BAFD-ECE4D9B10D7B}.Debug|Any CPU.ActiveCfg = Debug|Any CPU
		{6B102BBE-3BAE-4200-BAFD-ECE4D9B10D7B}.Debug|Any CPU.Build.0 = Debug|Any CPU
		{6B102BBE-3BAE-4200-BAFD-ECE4D9B10D7B}.Debug|x64.ActiveCfg = Debug|Any CPU
		{6B102BBE-3BAE-4200-BAFD-ECE4D9B10D7B}.Debug|x64.Build.0 = Debug|Any CPU
		{6B102BBE-3BAE-4200-BAFD-ECE4D9B10D7B}.Debug|x86.ActiveCfg = Debug|Any CPU
		{6B102BBE-3BAE-4200-BAFD-ECE4D9B10D7B}.Debug|x86.Build.0 = Debug|Any CPU
		{6B102BBE-3BAE-4200-BAFD-ECE4D9B10D7B}.Release|Any CPU.ActiveCfg = Release|Any CPU
		{6B102BBE-3BAE-4200-BAFD-ECE4D9B10D7B}.Release|Any CPU.Build.0 = Release|Any CPU
		{6B102BBE-3BAE-4200-BAFD-ECE4D9B10D7B}.Release|x64.ActiveCfg = Release|Any CPU
		{6B102BBE-3BAE-4200-BAFD-ECE4D9B10D7B}.Release|x64.Build.0 = Release|Any CPU
		{6B102BBE-3BAE-4200-BAFD-ECE4D9B10D7B}.Release|x86.ActiveCfg = Release|Any CPU
		{6B102BBE-3BAE-4200-BAFD-ECE4D9B10D7B}.Release|x86.Build.0 = Release|Any CPU
	EndGlobalSection
	GlobalSection(SolutionProperties) = preSolution
		HideSolutionNode = FALSE
	EndGlobalSection
	GlobalSection(NestedProjects) = preSolution
		{1100BCA8-3110-4E6F-ADF0-1D8ECC873FFF} = {01DCAFFB-53ED-4FDA-8949-C5D470E35A5D}
		{0489DD4B-26C7-4A90-9406-6A1439990493} = {01DCAFFB-53ED-4FDA-8949-C5D470E35A5D}
		{6B102BBE-3BAE-4200-BAFD-ECE4D9B10D7B} = {6858F7B6-C244-4D5E-86D8-2ABF1B91232A}
	EndGlobalSection
	GlobalSection(ExtensibilityGlobals) = postSolution
		SolutionGuid = {BC85A314-D1BC-4F4E-9B27-56309804FAE0}
	EndGlobalSection
EndGlobal
