
Microsoft Visual Studio Solution File, Format Version 12.00
# Visual Studio Version 16
VisualStudioVersion = 16.0.29123.88
MinimumVisualStudioVersion = 10.0.40219.1
Project("{FAE04EC0-301F-11D3-BF4B-00C04F79EFBC}") = "ArkDesktopLua", "ArkDesktopLua\ArkDesktopLua.csproj", "{AA4D8756-09C4-4C9A-A117-D3DB36085F0F}"
EndProject
Project("{2150E333-8FDC-42A3-9474-1A3956D46DE8}") = "Lua", "Lua", "{616FB4B8-B309-4F8F-B008-4EE7643EC1A6}"
EndProject
Project("{FAE04EC0-301F-11D3-BF4B-00C04F79EFBC}") = "ArkDesktopCoreKit", "ArkDesktopCoreKit\ArkDesktopCoreKit.csproj", "{ED7282FD-04A9-400D-ABC4-540724FA8A44}"
EndProject
Project("{FAE04EC0-301F-11D3-BF4B-00C04F79EFBC}") = "TestApp", "TestApp\TestApp.csproj", "{764ECBC1-EB5C-46CE-9C35-E58729D31847}"
EndProject
Project("{FAE04EC0-301F-11D3-BF4B-00C04F79EFBC}") = "ArkDesktopHelperWPF", "ArkDesktopHelperWPF\ArkDesktopHelperWPF.csproj", "{B98F0DA4-B7D5-48DD-A5DD-9474A2FC79EB}"
EndProject
Global
	GlobalSection(SolutionConfigurationPlatforms) = preSolution
		Debug|Any CPU = Debug|Any CPU
		Debug|x64 = Debug|x64
		Debug|x86 = Debug|x86
		Release|Any CPU = Release|Any CPU
		Release|x64 = Release|x64
		Release|x86 = Release|x86
	EndGlobalSection
	GlobalSection(ProjectConfigurationPlatforms) = postSolution
		{AA4D8756-09C4-4C9A-A117-D3DB36085F0F}.Debug|Any CPU.ActiveCfg = Debug|Any CPU
		{AA4D8756-09C4-4C9A-A117-D3DB36085F0F}.Debug|Any CPU.Build.0 = Debug|Any CPU
		{AA4D8756-09C4-4C9A-A117-D3DB36085F0F}.Debug|x64.ActiveCfg = Debug|Any CPU
		{AA4D8756-09C4-4C9A-A117-D3DB36085F0F}.Debug|x64.Build.0 = Debug|Any CPU
		{AA4D8756-09C4-4C9A-A117-D3DB36085F0F}.Debug|x86.ActiveCfg = Debug|Any CPU
		{AA4D8756-09C4-4C9A-A117-D3DB36085F0F}.Debug|x86.Build.0 = Debug|Any CPU
		{AA4D8756-09C4-4C9A-A117-D3DB36085F0F}.Release|Any CPU.ActiveCfg = Release|Any CPU
		{AA4D8756-09C4-4C9A-A117-D3DB36085F0F}.Release|Any CPU.Build.0 = Release|Any CPU
		{AA4D8756-09C4-4C9A-A117-D3DB36085F0F}.Release|x64.ActiveCfg = Release|Any CPU
		{AA4D8756-09C4-4C9A-A117-D3DB36085F0F}.Release|x64.Build.0 = Release|Any CPU
		{AA4D8756-09C4-4C9A-A117-D3DB36085F0F}.Release|x86.ActiveCfg = Release|Any CPU
		{AA4D8756-09C4-4C9A-A117-D3DB36085F0F}.Release|x86.Build.0 = Release|Any CPU
		{ED7282FD-04A9-400D-ABC4-540724FA8A44}.Debug|Any CPU.ActiveCfg = Debug|Any CPU
		{ED7282FD-04A9-400D-ABC4-540724FA8A44}.Debug|Any CPU.Build.0 = Debug|Any CPU
		{ED7282FD-04A9-400D-ABC4-540724FA8A44}.Debug|x64.ActiveCfg = Debug|Any CPU
		{ED7282FD-04A9-400D-ABC4-540724FA8A44}.Debug|x64.Build.0 = Debug|Any CPU
		{ED7282FD-04A9-400D-ABC4-540724FA8A44}.Debug|x86.ActiveCfg = Debug|Any CPU
		{ED7282FD-04A9-400D-ABC4-540724FA8A44}.Debug|x86.Build.0 = Debug|Any CPU
		{ED7282FD-04A9-400D-ABC4-540724FA8A44}.Release|Any CPU.ActiveCfg = Release|Any CPU
		{ED7282FD-04A9-400D-ABC4-540724FA8A44}.Release|Any CPU.Build.0 = Release|Any CPU
		{ED7282FD-04A9-400D-ABC4-540724FA8A44}.Release|x64.ActiveCfg = Release|Any CPU
		{ED7282FD-04A9-400D-ABC4-540724FA8A44}.Release|x64.Build.0 = Release|Any CPU
		{ED7282FD-04A9-400D-ABC4-540724FA8A44}.Release|x86.ActiveCfg = Release|Any CPU
		{ED7282FD-04A9-400D-ABC4-540724FA8A44}.Release|x86.Build.0 = Release|Any CPU
		{764ECBC1-EB5C-46CE-9C35-E58729D31847}.Debug|Any CPU.ActiveCfg = Debug|Any CPU
		{764ECBC1-EB5C-46CE-9C35-E58729D31847}.Debug|Any CPU.Build.0 = Debug|Any CPU
		{764ECBC1-EB5C-46CE-9C35-E58729D31847}.Debug|x64.ActiveCfg = Debug|Any CPU
		{764ECBC1-EB5C-46CE-9C35-E58729D31847}.Debug|x64.Build.0 = Debug|Any CPU
		{764ECBC1-EB5C-46CE-9C35-E58729D31847}.Debug|x86.ActiveCfg = Debug|Any CPU
		{764ECBC1-EB5C-46CE-9C35-E58729D31847}.Debug|x86.Build.0 = Debug|Any CPU
		{764ECBC1-EB5C-46CE-9C35-E58729D31847}.Release|Any CPU.ActiveCfg = Release|Any CPU
		{764ECBC1-EB5C-46CE-9C35-E58729D31847}.Release|Any CPU.Build.0 = Release|Any CPU
		{764ECBC1-EB5C-46CE-9C35-E58729D31847}.Release|x64.ActiveCfg = Release|Any CPU
		{764ECBC1-EB5C-46CE-9C35-E58729D31847}.Release|x64.Build.0 = Release|Any CPU
		{764ECBC1-EB5C-46CE-9C35-E58729D31847}.Release|x86.ActiveCfg = Release|Any CPU
		{764ECBC1-EB5C-46CE-9C35-E58729D31847}.Release|x86.Build.0 = Release|Any CPU
		{B98F0DA4-B7D5-48DD-A5DD-9474A2FC79EB}.Debug|Any CPU.ActiveCfg = Debug|Any CPU
		{B98F0DA4-B7D5-48DD-A5DD-9474A2FC79EB}.Debug|Any CPU.Build.0 = Debug|Any CPU
		{B98F0DA4-B7D5-48DD-A5DD-9474A2FC79EB}.Debug|x64.ActiveCfg = Debug|Any CPU
		{B98F0DA4-B7D5-48DD-A5DD-9474A2FC79EB}.Debug|x64.Build.0 = Debug|Any CPU
		{B98F0DA4-B7D5-48DD-A5DD-9474A2FC79EB}.Debug|x86.ActiveCfg = Debug|Any CPU
		{B98F0DA4-B7D5-48DD-A5DD-9474A2FC79EB}.Debug|x86.Build.0 = Debug|Any CPU
		{B98F0DA4-B7D5-48DD-A5DD-9474A2FC79EB}.Release|Any CPU.ActiveCfg = Release|Any CPU
		{B98F0DA4-B7D5-48DD-A5DD-9474A2FC79EB}.Release|Any CPU.Build.0 = Release|Any CPU
		{B98F0DA4-B7D5-48DD-A5DD-9474A2FC79EB}.Release|x64.ActiveCfg = Release|Any CPU
		{B98F0DA4-B7D5-48DD-A5DD-9474A2FC79EB}.Release|x64.Build.0 = Release|Any CPU
		{B98F0DA4-B7D5-48DD-A5DD-9474A2FC79EB}.Release|x86.ActiveCfg = Release|Any CPU
		{B98F0DA4-B7D5-48DD-A5DD-9474A2FC79EB}.Release|x86.Build.0 = Release|Any CPU
	EndGlobalSection
	GlobalSection(SolutionProperties) = preSolution
		HideSolutionNode = FALSE
	EndGlobalSection
	GlobalSection(NestedProjects) = preSolution
		{AA4D8756-09C4-4C9A-A117-D3DB36085F0F} = {616FB4B8-B309-4F8F-B008-4EE7643EC1A6}
	EndGlobalSection
	GlobalSection(ExtensibilityGlobals) = postSolution
		SolutionGuid = {BC85A314-D1BC-4F4E-9B27-56309804FAE0}
	EndGlobalSection
EndGlobal
